{
    "_meta": {
        "hash": {
            "sha256": "e411ff710339e421fabeb34bde414fe343d66faa286f5f55c44bc00a4ba0c86f"
        },
        "pipfile-spec": 6,
        "requires": {
            "python_version": "3.10"
        },
        "sources": [
            {
                "name": "pypi",
                "url": "https://pypi.org/simple",
                "verify_ssl": true
            }
        ]
    },
    "default": {
        "amqp": {
            "hashes": [
                "sha256:827cb12fb0baa892aad844fd95258143bce4027fdac4fccddbc43330fd281637",
                "sha256:a1ecff425ad063ad42a486c902807d1482311481c8ad95a72694b2975e75f7fd"
            ],
            "markers": "python_version >= '3.6'",
            "version": "==5.2.0"
        },
        "asgiref": {
            "hashes": [
                "sha256:3e1e3ecc849832fe52ccf2cb6686b7a55f82bb1d6aee72a58826471390335e47",
                "sha256:c343bd80a0bec947a9860adb4c432ffa7db769836c64238fc34bdc3fec84d590"
            ],
            "markers": "python_version >= '3.8'",
            "version": "==3.8.1"
        },
        "async-timeout": {
            "hashes": [
                "sha256:4640d96be84d82d02ed59ea2b7105a0f7b33abe8703703cd0ab0bf87c427522f",
                "sha256:7405140ff1230c310e51dc27b3145b9092d659ce68ff733fb0cefe3ee42be028"
            ],
            "markers": "python_full_version < '3.11.3'",
            "version": "==4.0.3"
        },
        "babel": {
            "hashes": [
                "sha256:08706bdad8d0a3413266ab61bd6c34d0c28d6e1e7badf40a2cebe67644e2e1fb",
                "sha256:8daf0e265d05768bc6c7a314cf1321e9a123afc328cc635c18622a2f30a04413"
            ],
            "markers": "python_version >= '3.8'",
            "version": "==2.15.0"
        },
        "billiard": {
            "hashes": [
                "sha256:07aa978b308f334ff8282bd4a746e681b3513db5c9a514cbdd810cbbdc19714d",
                "sha256:9a3c3184cb275aa17a732f93f65b20c525d3d9f253722d26a82194803ade5a2c"
            ],
            "markers": "python_version >= '3.7'",
            "version": "==4.2.0"
        },
        "celery": {
            "hashes": [
                "sha256:369631eb580cf8c51a82721ec538684994f8277637edde2dfc0dacd73ed97f64",
                "sha256:504a19140e8d3029d5acad88330c541d4c3f64c789d85f94756762d8bca7e706"
            ],
            "markers": "python_version >= '3.8'",
            "version": "==5.4.0"
        },
        "certifi": {
            "hashes": [
                "sha256:0569859f95fc761b18b45ef421b1290a0f65f147e92a1e5eb3e635f9a5e4e66f",
                "sha256:dc383c07b76109f368f6106eee2b593b04a011ea4d55f652c6ca24a754d1cdd1"
            ],
            "markers": "python_version >= '3.6'",
            "version": "==2024.2.2"
        },
        "charset-normalizer": {
            "hashes": [
                "sha256:06435b539f889b1f6f4ac1758871aae42dc3a8c0e24ac9e60c2384973ad73027",
                "sha256:06a81e93cd441c56a9b65d8e1d043daeb97a3d0856d177d5c90ba85acb3db087",
                "sha256:0a55554a2fa0d408816b3b5cedf0045f4b8e1a6065aec45849de2d6f3f8e9786",
                "sha256:0b2b64d2bb6d3fb9112bafa732def486049e63de9618b5843bcdd081d8144cd8",
                "sha256:10955842570876604d404661fbccbc9c7e684caf432c09c715ec38fbae45ae09",
                "sha256:122c7fa62b130ed55f8f285bfd56d5f4b4a5b503609d181f9ad85e55c89f4185",
                "sha256:1ceae2f17a9c33cb48e3263960dc5fc8005351ee19db217e9b1bb15d28c02574",
                "sha256:1d3193f4a680c64b4b6a9115943538edb896edc190f0b222e73761716519268e",
                "sha256:1f79682fbe303db92bc2b1136016a38a42e835d932bab5b3b1bfcfbf0640e519",
                "sha256:2127566c664442652f024c837091890cb1942c30937add288223dc895793f898",
                "sha256:22afcb9f253dac0696b5a4be4a1c0f8762f8239e21b99680099abd9b2b1b2269",
                "sha256:25baf083bf6f6b341f4121c2f3c548875ee6f5339300e08be3f2b2ba1721cdd3",
                "sha256:2e81c7b9c8979ce92ed306c249d46894776a909505d8f5a4ba55b14206e3222f",
                "sha256:3287761bc4ee9e33561a7e058c72ac0938c4f57fe49a09eae428fd88aafe7bb6",
                "sha256:34d1c8da1e78d2e001f363791c98a272bb734000fcef47a491c1e3b0505657a8",
                "sha256:37e55c8e51c236f95b033f6fb391d7d7970ba5fe7ff453dad675e88cf303377a",
                "sha256:3d47fa203a7bd9c5b6cee4736ee84ca03b8ef23193c0d1ca99b5089f72645c73",
                "sha256:3e4d1f6587322d2788836a99c69062fbb091331ec940e02d12d179c1d53e25fc",
                "sha256:42cb296636fcc8b0644486d15c12376cb9fa75443e00fb25de0b8602e64c1714",
                "sha256:45485e01ff4d3630ec0d9617310448a8702f70e9c01906b0d0118bdf9d124cf2",
                "sha256:4a78b2b446bd7c934f5dcedc588903fb2f5eec172f3d29e52a9096a43722adfc",
                "sha256:4ab2fe47fae9e0f9dee8c04187ce5d09f48eabe611be8259444906793ab7cbce",
                "sha256:4d0d1650369165a14e14e1e47b372cfcb31d6ab44e6e33cb2d4e57265290044d",
                "sha256:549a3a73da901d5bc3ce8d24e0600d1fa85524c10287f6004fbab87672bf3e1e",
                "sha256:55086ee1064215781fff39a1af09518bc9255b50d6333f2e4c74ca09fac6a8f6",
                "sha256:572c3763a264ba47b3cf708a44ce965d98555f618ca42c926a9c1616d8f34269",
                "sha256:573f6eac48f4769d667c4442081b1794f52919e7edada77495aaed9236d13a96",
                "sha256:5b4c145409bef602a690e7cfad0a15a55c13320ff7a3ad7ca59c13bb8ba4d45d",
                "sha256:6463effa3186ea09411d50efc7d85360b38d5f09b870c48e4600f63af490e56a",
                "sha256:65f6f63034100ead094b8744b3b97965785388f308a64cf8d7c34f2f2e5be0c4",
                "sha256:663946639d296df6a2bb2aa51b60a2454ca1cb29835324c640dafb5ff2131a77",
                "sha256:6897af51655e3691ff853668779c7bad41579facacf5fd7253b0133308cf000d",
                "sha256:68d1f8a9e9e37c1223b656399be5d6b448dea850bed7d0f87a8311f1ff3dabb0",
                "sha256:6ac7ffc7ad6d040517be39eb591cac5ff87416c2537df6ba3cba3bae290c0fed",
                "sha256:6b3251890fff30ee142c44144871185dbe13b11bab478a88887a639655be1068",
                "sha256:6c4caeef8fa63d06bd437cd4bdcf3ffefe6738fb1b25951440d80dc7df8c03ac",
                "sha256:6ef1d82a3af9d3eecdba2321dc1b3c238245d890843e040e41e470ffa64c3e25",
                "sha256:753f10e867343b4511128c6ed8c82f7bec3bd026875576dfd88483c5c73b2fd8",
                "sha256:7cd13a2e3ddeed6913a65e66e94b51d80a041145a026c27e6bb76c31a853c6ab",
                "sha256:7ed9e526742851e8d5cc9e6cf41427dfc6068d4f5a3bb03659444b4cabf6bc26",
                "sha256:7f04c839ed0b6b98b1a7501a002144b76c18fb1c1850c8b98d458ac269e26ed2",
                "sha256:802fe99cca7457642125a8a88a084cef28ff0cf9407060f7b93dca5aa25480db",
                "sha256:80402cd6ee291dcb72644d6eac93785fe2c8b9cb30893c1af5b8fdd753b9d40f",
                "sha256:8465322196c8b4d7ab6d1e049e4c5cb460d0394da4a27d23cc242fbf0034b6b5",
                "sha256:86216b5cee4b06df986d214f664305142d9c76df9b6512be2738aa72a2048f99",
                "sha256:87d1351268731db79e0f8e745d92493ee2841c974128ef629dc518b937d9194c",
                "sha256:8bdb58ff7ba23002a4c5808d608e4e6c687175724f54a5dade5fa8c67b604e4d",
                "sha256:8c622a5fe39a48f78944a87d4fb8a53ee07344641b0562c540d840748571b811",
                "sha256:8d756e44e94489e49571086ef83b2bb8ce311e730092d2c34ca8f7d925cb20aa",
                "sha256:8f4a014bc36d3c57402e2977dada34f9c12300af536839dc38c0beab8878f38a",
                "sha256:9063e24fdb1e498ab71cb7419e24622516c4a04476b17a2dab57e8baa30d6e03",
                "sha256:90d558489962fd4918143277a773316e56c72da56ec7aa3dc3dbbe20fdfed15b",
                "sha256:923c0c831b7cfcb071580d3f46c4baf50f174be571576556269530f4bbd79d04",
                "sha256:95f2a5796329323b8f0512e09dbb7a1860c46a39da62ecb2324f116fa8fdc85c",
                "sha256:96b02a3dc4381e5494fad39be677abcb5e6634bf7b4fa83a6dd3112607547001",
                "sha256:9f96df6923e21816da7e0ad3fd47dd8f94b2a5ce594e00677c0013018b813458",
                "sha256:a10af20b82360ab00827f916a6058451b723b4e65030c5a18577c8b2de5b3389",
                "sha256:a50aebfa173e157099939b17f18600f72f84eed3049e743b68ad15bd69b6bf99",
                "sha256:a981a536974bbc7a512cf44ed14938cf01030a99e9b3a06dd59578882f06f985",
                "sha256:a9a8e9031d613fd2009c182b69c7b2c1ef8239a0efb1df3f7c8da66d5dd3d537",
                "sha256:ae5f4161f18c61806f411a13b0310bea87f987c7d2ecdbdaad0e94eb2e404238",
                "sha256:aed38f6e4fb3f5d6bf81bfa990a07806be9d83cf7bacef998ab1a9bd660a581f",
                "sha256:b01b88d45a6fcb69667cd6d2f7a9aeb4bf53760d7fc536bf679ec94fe9f3ff3d",
                "sha256:b261ccdec7821281dade748d088bb6e9b69e6d15b30652b74cbbac25e280b796",
                "sha256:b2b0a0c0517616b6869869f8c581d4eb2dd83a4d79e0ebcb7d373ef9956aeb0a",
                "sha256:b4a23f61ce87adf89be746c8a8974fe1c823c891d8f86eb218bb957c924bb143",
                "sha256:bd8f7df7d12c2db9fab40bdd87a7c09b1530128315d047a086fa3ae3435cb3a8",
                "sha256:beb58fe5cdb101e3a055192ac291b7a21e3b7ef4f67fa1d74e331a7f2124341c",
                "sha256:c002b4ffc0be611f0d9da932eb0f704fe2602a9a949d1f738e4c34c75b0863d5",
                "sha256:c083af607d2515612056a31f0a8d9e0fcb5876b7bfc0abad3ecd275bc4ebc2d5",
                "sha256:c180f51afb394e165eafe4ac2936a14bee3eb10debc9d9e4db8958fe36afe711",
                "sha256:c235ebd9baae02f1b77bcea61bce332cb4331dc3617d254df3323aa01ab47bd4",
                "sha256:cd70574b12bb8a4d2aaa0094515df2463cb429d8536cfb6c7ce983246983e5a6",
                "sha256:d0eccceffcb53201b5bfebb52600a5fb483a20b61da9dbc885f8b103cbe7598c",
                "sha256:d965bba47ddeec8cd560687584e88cf699fd28f192ceb452d1d7ee807c5597b7",
                "sha256:db364eca23f876da6f9e16c9da0df51aa4f104a972735574842618b8c6d999d4",
                "sha256:ddbb2551d7e0102e7252db79ba445cdab71b26640817ab1e3e3648dad515003b",
                "sha256:deb6be0ac38ece9ba87dea880e438f25ca3eddfac8b002a2ec3d9183a454e8ae",
                "sha256:e06ed3eb3218bc64786f7db41917d4e686cc4856944f53d5bdf83a6884432e12",
                "sha256:e27ad930a842b4c5eb8ac0016b0a54f5aebbe679340c26101df33424142c143c",
                "sha256:e537484df0d8f426ce2afb2d0f8e1c3d0b114b83f8850e5f2fbea0e797bd82ae",
                "sha256:eb00ed941194665c332bf8e078baf037d6c35d7c4f3102ea2d4f16ca94a26dc8",
                "sha256:eb6904c354526e758fda7167b33005998fb68c46fbc10e013ca97f21ca5c8887",
                "sha256:eb8821e09e916165e160797a6c17edda0679379a4be5c716c260e836e122f54b",
                "sha256:efcb3f6676480691518c177e3b465bcddf57cea040302f9f4e6e191af91174d4",
                "sha256:f27273b60488abe721a075bcca6d7f3964f9f6f067c8c4c605743023d7d3944f",
                "sha256:f30c3cb33b24454a82faecaf01b19c18562b1e89558fb6c56de4d9118a032fd5",
                "sha256:fb69256e180cb6c8a894fee62b3afebae785babc1ee98b81cdf68bbca1987f33",
                "sha256:fd1abc0d89e30cc4e02e4064dc67fcc51bd941eb395c502aac3ec19fab46b519",
                "sha256:ff8fa367d09b717b2a17a052544193ad76cd49979c805768879cb63d9ca50561"
            ],
            "markers": "python_full_version >= '3.7.0'",
            "version": "==3.3.2"
        },
        "click": {
            "hashes": [
                "sha256:ae74fb96c20a0277a1d615f1e4d73c8414f5a98db8b799a7931d1582f3390c28",
                "sha256:ca9853ad459e787e2192211578cc907e7594e294c7ccc834310722b41b9ca6de"
            ],
            "markers": "python_version >= '3.7'",
            "version": "==8.1.7"
        },
        "click-didyoumean": {
            "hashes": [
                "sha256:4f82fdff0dbe64ef8ab2279bd6aa3f6a99c3b28c05aa09cbfc07c9d7fbb5a463",
                "sha256:5c4bb6007cfea5f2fd6583a2fb6701a22a41eb98957e63d0fac41c10e7c3117c"
            ],
            "markers": "python_full_version >= '3.6.2'",
            "version": "==0.3.1"
        },
        "click-plugins": {
            "hashes": [
                "sha256:46ab999744a9d831159c3411bb0c79346d94a444df9a3a3742e9ed63645f264b",
                "sha256:5d262006d3222f5057fd81e1623d4443e41dcda5dc815c06b442aa3c02889fc8"
            ],
            "version": "==1.1.1"
        },
        "click-repl": {
            "hashes": [
                "sha256:17849c23dba3d667247dc4defe1757fff98694e90fe37474f3feebb69ced26a9",
                "sha256:fb7e06deb8da8de86180a33a9da97ac316751c094c6899382da7feeeeb51b812"
            ],
            "markers": "python_version >= '3.6'",
            "version": "==0.3.0"
        },
        "cron-descriptor": {
            "hashes": [
                "sha256:7b1a00d7d25d6ae6896c0da4457e790b98cba778398a3d48e341e5e0d33f0488",
                "sha256:a67ba21804983b1427ed7f3e1ec27ee77bf24c652b0430239c268c5ddfbf9dc0"
            ],
            "version": "==1.4.3"
        },
        "django": {
            "hashes": [
                "sha256:6e6ff3db2d8dd0c986b4eec8554c8e4f919b5c1ff62a5b4390c17aff2ed6e5c4",
                "sha256:ddc24a0a8280a0430baa37aff11f28574720af05888c62b7cfe71d219f4599d3"
            ],
            "index": "pypi",
            "markers": "python_version >= '3.8'",
            "version": "==4.2.11"
        },
        "django-allauth": {
            "hashes": [
                "sha256:8c971a677dd48ef9119fcd1e786d2286c0911b20f52e64aebf38a6827d934334"
            ],
            "index": "pypi",
            "markers": "python_version >= '3.7'",
            "version": "==0.63.2"
        },
        "django-celery-beat": {
            "hashes": [
                "sha256:f75b2d129731f1214be8383e18fae6bfeacdb55dffb2116ce849222c0106f9ad"
            ],
            "index": "pypi",
            "version": "==2.6.0"
        },
        "django-cors-headers": {
            "hashes": [
                "sha256:0b1fd19297e37417fc9f835d39e45c8c642938ddba1acce0c1753d3edef04f36",
                "sha256:0bf65ef45e606aff1994d35503e6b677c0b26cafff6506f8fd7187f3be840207"
            ],
            "index": "pypi",
            "markers": "python_version >= '3.8'",
            "version": "==4.3.1"
        },
        "django-countries": {
            "hashes": [
                "sha256:1ed20842fe0f6194f91faca21076649513846a8787c9eb5aeec3cbe1656b8acc",
                "sha256:c772d4e3e54afcc5f97a018544e96f246c6d9f1db51898ab0c15cd57e19437cf"
            ],
            "index": "pypi",
            "version": "==7.6.1"
        },
        "django-extensions": {
            "hashes": [
                "sha256:44d27919d04e23b3f40231c4ab7af4e61ce832ef46d610cc650d53e68328410a",
                "sha256:9600b7562f79a92cbf1fde6403c04fee314608fefbb595502e34383ae8203401"
            ],
            "index": "pypi",
            "markers": "python_version >= '3.6'",
            "version": "==3.2.3"
        },
        "django-filter": {
            "hashes": [
                "sha256:48e5fc1da3ccd6ca0d5f9bb550973518ce977a4edde9d2a8a154a7f4f0b9f96e",
                "sha256:df2ee9857e18d38bed203c8745f62a803fa0f31688c9fe6f8e868120b1848e48"
            ],
            "index": "pypi",
            "markers": "python_version >= '3.8'",
            "version": "==24.2"
        },
        "django-storages": {
            "hashes": [
                "sha256:31f263389e95ce3a1b902fb5f739a7ed32895f7d8b80179fe7453ecc0dfe102e",
                "sha256:95a12836cd998d4c7a4512347322331c662d9114c4344f932f5e9c0fce000608"
            ],
            "index": "pypi",
            "markers": "python_version >= '3.7'",
            "version": "==1.14.3"
        },
        "django-timezone-field": {
            "hashes": [
                "sha256:0095f43da716552fcc606783cfb42cb025892514f1ec660ebfa96186eb83b74c",
                "sha256:d40f7059d7bae4075725d04a9dae601af9fe3c7f0119a69b0e2c6194a782f797"
            ],
            "markers": "python_version >= '3.8' and python_version < '4.0'",
            "version": "==6.1.0"
        },
        "djangorestframework": {
            "hashes": [
                "sha256:3ccc0475bce968608cf30d07fb17d8e52d1d7fc8bfe779c905463200750cbca6",
                "sha256:f88fad74183dfc7144b2756d0d2ac716ea5b4c7c9840995ac3bfd8ec034333c1"
            ],
            "index": "pypi",
            "markers": "python_version >= '3.6'",
            "version": "==3.15.1"
        },
        "drf-yasg": {
            "hashes": [
                "sha256:4c3b93068b3dfca6969ab111155e4dd6f7b2d680b98778de8fd460b7837bdb0d",
                "sha256:f85642072c35e684356475781b7ecf5d218fff2c6185c040664dd49f0a4be181"
            ],
            "index": "pypi",
            "markers": "python_version >= '3.6'",
            "version": "==1.21.7"
        },
        "factory-boy": {
            "hashes": [
                "sha256:a2cdbdb63228177aa4f1c52f4b6d83fab2b8623bf602c7dedd7eb83c0f69c04c",
                "sha256:bc76d97d1a65bbd9842a6d722882098eb549ec8ee1081f9fb2e8ff29f0c300f1"
            ],
            "index": "pypi",
            "markers": "python_version >= '3.7'",
            "version": "==3.3.0"
        },
        "faker": {
            "hashes": [
                "sha256:0158d47e955b6ec22134c0a74ebb7ed34fe600896208bafbf1008db831b17f04",
                "sha256:bcbe31eee5ef4bbf87ce36c4eba53c01e2a1d912fde2a4d3528b430d2beb784f"
            ],
            "index": "pypi",
            "markers": "python_version >= '3.8'",
            "version": "==25.3.0"
        },
        "gunicorn": {
            "hashes": [
                "sha256:350679f91b24062c86e386e198a15438d53a7a8207235a78ba1b53df4c4378d9",
                "sha256:4a0b436239ff76fb33f11c07a16482c521a7e09c1ce3cc293c2330afe01bec63"
            ],
            "index": "pypi",
            "markers": "python_version >= '3.7'",
            "version": "==22.0.0"
        },
        "idna": {
            "hashes": [
                "sha256:028ff3aadf0609c1fd278d8ea3089299412a7a8b9bd005dd08b9f8285bcb5cfc",
                "sha256:82fee1fc78add43492d3a1898bfa6d8a904cc97d8427f683ed8e798d07761aa0"
            ],
            "markers": "python_version >= '3.5'",
            "version": "==3.7"
        },
        "inflection": {
            "hashes": [
                "sha256:1a29730d366e996aaacffb2f1f1cb9593dc38e2ddd30c91250c6dde09ea9b417",
                "sha256:f38b2b640938a4f35ade69ac3d053042959b62a0f1076a5bbaa1b9526605a8a2"
            ],
            "markers": "python_version >= '3.5'",
            "version": "==0.5.1"
        },
        "kombu": {
            "hashes": [
                "sha256:011c4cd9a355c14a1de8d35d257314a1d2456d52b7140388561acac3cf1a97bf",
                "sha256:5634c511926309c7f9789f1433e9ed402616b56836ef9878f01bd59267b4c7a9"
            ],
            "markers": "python_version >= '3.8'",
            "version": "==5.3.7"
        },
        "packaging": {
            "hashes": [
                "sha256:2ddfb553fdf02fb784c234c7ba6ccc288296ceabec964ad2eae3777778130bc5",
                "sha256:eb82c5e3e56209074766e6885bb04b8c38a0c015d0a30036ebe7ece34c9989e9"
            ],
            "markers": "python_version >= '3.7'",
            "version": "==24.0"
        },
        "pillow": {
            "hashes": [
                "sha256:048ad577748b9fa4a99a0548c64f2cb8d672d5bf2e643a739ac8faff1164238c",
                "sha256:048eeade4c33fdf7e08da40ef402e748df113fd0b4584e32c4af74fe78baaeb2",
                "sha256:0ba26351b137ca4e0db0342d5d00d2e355eb29372c05afd544ebf47c0956ffeb",
                "sha256:0ea2a783a2bdf2a561808fe4a7a12e9aa3799b701ba305de596bc48b8bdfce9d",
                "sha256:1530e8f3a4b965eb6a7785cf17a426c779333eb62c9a7d1bbcf3ffd5bf77a4aa",
                "sha256:16563993329b79513f59142a6b02055e10514c1a8e86dca8b48a893e33cf91e3",
                "sha256:19aeb96d43902f0a783946a0a87dbdad5c84c936025b8419da0a0cd7724356b1",
                "sha256:1a1d1915db1a4fdb2754b9de292642a39a7fb28f1736699527bb649484fb966a",
                "sha256:1b87bd9d81d179bd8ab871603bd80d8645729939f90b71e62914e816a76fc6bd",
                "sha256:1dfc94946bc60ea375cc39cff0b8da6c7e5f8fcdc1d946beb8da5c216156ddd8",
                "sha256:2034f6759a722da3a3dbd91a81148cf884e91d1b747992ca288ab88c1de15999",
                "sha256:261ddb7ca91fcf71757979534fb4c128448b5b4c55cb6152d280312062f69599",
                "sha256:2ed854e716a89b1afcedea551cd85f2eb2a807613752ab997b9974aaa0d56936",
                "sha256:3102045a10945173d38336f6e71a8dc71bcaeed55c3123ad4af82c52807b9375",
                "sha256:339894035d0ede518b16073bdc2feef4c991ee991a29774b33e515f1d308e08d",
                "sha256:412444afb8c4c7a6cc11a47dade32982439925537e483be7c0ae0cf96c4f6a0b",
                "sha256:4203efca580f0dd6f882ca211f923168548f7ba334c189e9eab1178ab840bf60",
                "sha256:45ebc7b45406febf07fef35d856f0293a92e7417ae7933207e90bf9090b70572",
                "sha256:4b5ec25d8b17217d635f8935dbc1b9aa5907962fae29dff220f2659487891cd3",
                "sha256:4c8e73e99da7db1b4cad7f8d682cf6abad7844da39834c288fbfa394a47bbced",
                "sha256:4e6f7d1c414191c1199f8996d3f2282b9ebea0945693fb67392c75a3a320941f",
                "sha256:4eaa22f0d22b1a7e93ff0a596d57fdede2e550aecffb5a1ef1106aaece48e96b",
                "sha256:50b8eae8f7334ec826d6eeffaeeb00e36b5e24aa0b9df322c247539714c6df19",
                "sha256:50fd3f6b26e3441ae07b7c979309638b72abc1a25da31a81a7fbd9495713ef4f",
                "sha256:51243f1ed5161b9945011a7360e997729776f6e5d7005ba0c6879267d4c5139d",
                "sha256:5d512aafa1d32efa014fa041d38868fda85028e3f930a96f85d49c7d8ddc0383",
                "sha256:5f77cf66e96ae734717d341c145c5949c63180842a545c47a0ce7ae52ca83795",
                "sha256:6b02471b72526ab8a18c39cb7967b72d194ec53c1fd0a70b050565a0f366d355",
                "sha256:6fb1b30043271ec92dc65f6d9f0b7a830c210b8a96423074b15c7bc999975f57",
                "sha256:7161ec49ef0800947dc5570f86568a7bb36fa97dd09e9827dc02b718c5643f09",
                "sha256:72d622d262e463dfb7595202d229f5f3ab4b852289a1cd09650362db23b9eb0b",
                "sha256:74d28c17412d9caa1066f7a31df8403ec23d5268ba46cd0ad2c50fb82ae40462",
                "sha256:78618cdbccaa74d3f88d0ad6cb8ac3007f1a6fa5c6f19af64b55ca170bfa1edf",
                "sha256:793b4e24db2e8742ca6423d3fde8396db336698c55cd34b660663ee9e45ed37f",
                "sha256:798232c92e7665fe82ac085f9d8e8ca98826f8e27859d9a96b41d519ecd2e49a",
                "sha256:81d09caa7b27ef4e61cb7d8fbf1714f5aec1c6b6c5270ee53504981e6e9121ad",
                "sha256:8ab74c06ffdab957d7670c2a5a6e1a70181cd10b727cd788c4dd9005b6a8acd9",
                "sha256:8eb0908e954d093b02a543dc963984d6e99ad2b5e36503d8a0aaf040505f747d",
                "sha256:90b9e29824800e90c84e4022dd5cc16eb2d9605ee13f05d47641eb183cd73d45",
                "sha256:9797a6c8fe16f25749b371c02e2ade0efb51155e767a971c61734b1bf6293994",
                "sha256:9d2455fbf44c914840c793e89aa82d0e1763a14253a000743719ae5946814b2d",
                "sha256:9d3bea1c75f8c53ee4d505c3e67d8c158ad4df0d83170605b50b64025917f338",
                "sha256:9e2ec1e921fd07c7cda7962bad283acc2f2a9ccc1b971ee4b216b75fad6f0463",
                "sha256:9e91179a242bbc99be65e139e30690e081fe6cb91a8e77faf4c409653de39451",
                "sha256:a0eaa93d054751ee9964afa21c06247779b90440ca41d184aeb5d410f20ff591",
                "sha256:a2c405445c79c3f5a124573a051062300936b0281fee57637e706453e452746c",
                "sha256:aa7e402ce11f0885305bfb6afb3434b3cd8f53b563ac065452d9d5654c7b86fd",
                "sha256:aff76a55a8aa8364d25400a210a65ff59d0168e0b4285ba6bf2bd83cf675ba32",
                "sha256:b09b86b27a064c9624d0a6c54da01c1beaf5b6cadfa609cf63789b1d08a797b9",
                "sha256:b14f16f94cbc61215115b9b1236f9c18403c15dd3c52cf629072afa9d54c1cbf",
                "sha256:b50811d664d392f02f7761621303eba9d1b056fb1868c8cdf4231279645c25f5",
                "sha256:b7bc2176354defba3edc2b9a777744462da2f8e921fbaf61e52acb95bafa9828",
                "sha256:c78e1b00a87ce43bb37642c0812315b411e856a905d58d597750eb79802aaaa3",
                "sha256:c83341b89884e2b2e55886e8fbbf37c3fa5efd6c8907124aeb72f285ae5696e5",
                "sha256:ca2870d5d10d8726a27396d3ca4cf7976cec0f3cb706debe88e3a5bd4610f7d2",
                "sha256:ccce24b7ad89adb5a1e34a6ba96ac2530046763912806ad4c247356a8f33a67b",
                "sha256:cd5e14fbf22a87321b24c88669aad3a51ec052eb145315b3da3b7e3cc105b9a2",
                "sha256:ce49c67f4ea0609933d01c0731b34b8695a7a748d6c8d186f95e7d085d2fe475",
                "sha256:d33891be6df59d93df4d846640f0e46f1a807339f09e79a8040bc887bdcd7ed3",
                "sha256:d3b2348a78bc939b4fed6552abfd2e7988e0f81443ef3911a4b8498ca084f6eb",
                "sha256:d886f5d353333b4771d21267c7ecc75b710f1a73d72d03ca06df49b09015a9ef",
                "sha256:d93480005693d247f8346bc8ee28c72a2191bdf1f6b5db469c096c0c867ac015",
                "sha256:dc1a390a82755a8c26c9964d457d4c9cbec5405896cba94cf51f36ea0d855002",
                "sha256:dd78700f5788ae180b5ee8902c6aea5a5726bac7c364b202b4b3e3ba2d293170",
                "sha256:e46f38133e5a060d46bd630faa4d9fa0202377495df1f068a8299fd78c84de84",
                "sha256:e4b878386c4bf293578b48fc570b84ecfe477d3b77ba39a6e87150af77f40c57",
                "sha256:f0d0591a0aeaefdaf9a5e545e7485f89910c977087e7de2b6c388aec32011e9f",
                "sha256:fdcbb4068117dfd9ce0138d068ac512843c52295ed996ae6dd1faf537b6dbc27",
                "sha256:ff61bfd9253c3915e6d41c651d5f962da23eda633cf02262990094a18a55371a"
            ],
            "index": "pypi",
            "markers": "python_version >= '3.8'",
            "version": "==10.3.0"
        },
        "prompt-toolkit": {
            "hashes": [
                "sha256:07c60ee4ab7b7e90824b61afa840c8f5aad2d46b3e2e10acc33d8ecc94a49089",
                "sha256:a29b89160e494e3ea8622b09fa5897610b437884dcdcd054fdc1308883326c2a"
            ],
            "markers": "python_full_version >= '3.7.0'",
            "version": "==3.0.45"
        },
        "psycopg2-binary": {
            "hashes": [
                "sha256:03ef7df18daf2c4c07e2695e8cfd5ee7f748a1d54d802330985a78d2a5a6dca9",
                "sha256:0a602ea5aff39bb9fac6308e9c9d82b9a35c2bf288e184a816002c9fae930b77",
                "sha256:0c009475ee389757e6e34611d75f6e4f05f0cf5ebb76c6037508318e1a1e0d7e",
                "sha256:0ef4854e82c09e84cc63084a9e4ccd6d9b154f1dbdd283efb92ecd0b5e2b8c84",
                "sha256:1236ed0952fbd919c100bc839eaa4a39ebc397ed1c08a97fc45fee2a595aa1b3",
                "sha256:143072318f793f53819048fdfe30c321890af0c3ec7cb1dfc9cc87aa88241de2",
                "sha256:15208be1c50b99203fe88d15695f22a5bed95ab3f84354c494bcb1d08557df67",
                "sha256:1873aade94b74715be2246321c8650cabf5a0d098a95bab81145ffffa4c13876",
                "sha256:18d0ef97766055fec15b5de2c06dd8e7654705ce3e5e5eed3b6651a1d2a9a152",
                "sha256:1ea665f8ce695bcc37a90ee52de7a7980be5161375d42a0b6c6abedbf0d81f0f",
                "sha256:2293b001e319ab0d869d660a704942c9e2cce19745262a8aba2115ef41a0a42a",
                "sha256:246b123cc54bb5361588acc54218c8c9fb73068bf227a4a531d8ed56fa3ca7d6",
                "sha256:275ff571376626195ab95a746e6a04c7df8ea34638b99fc11160de91f2fef503",
                "sha256:281309265596e388ef483250db3640e5f414168c5a67e9c665cafce9492eda2f",
                "sha256:2d423c8d8a3c82d08fe8af900ad5b613ce3632a1249fd6a223941d0735fce493",
                "sha256:2e5afae772c00980525f6d6ecf7cbca55676296b580c0e6abb407f15f3706996",
                "sha256:30dcc86377618a4c8f3b72418df92e77be4254d8f89f14b8e8f57d6d43603c0f",
                "sha256:31a34c508c003a4347d389a9e6fcc2307cc2150eb516462a7a17512130de109e",
                "sha256:323ba25b92454adb36fa425dc5cf6f8f19f78948cbad2e7bc6cdf7b0d7982e59",
                "sha256:34eccd14566f8fe14b2b95bb13b11572f7c7d5c36da61caf414d23b91fcc5d94",
                "sha256:3a58c98a7e9c021f357348867f537017057c2ed7f77337fd914d0bedb35dace7",
                "sha256:3f78fd71c4f43a13d342be74ebbc0666fe1f555b8837eb113cb7416856c79682",
                "sha256:4154ad09dac630a0f13f37b583eae260c6aa885d67dfbccb5b02c33f31a6d420",
                "sha256:420f9bbf47a02616e8554e825208cb947969451978dceb77f95ad09c37791dae",
                "sha256:4686818798f9194d03c9129a4d9a702d9e113a89cb03bffe08c6cf799e053291",
                "sha256:57fede879f08d23c85140a360c6a77709113efd1c993923c59fde17aa27599fe",
                "sha256:60989127da422b74a04345096c10d416c2b41bd7bf2a380eb541059e4e999980",
                "sha256:64cf30263844fa208851ebb13b0732ce674d8ec6a0c86a4e160495d299ba3c93",
                "sha256:68fc1f1ba168724771e38bee37d940d2865cb0f562380a1fb1ffb428b75cb692",
                "sha256:6e6f98446430fdf41bd36d4faa6cb409f5140c1c2cf58ce0bbdaf16af7d3f119",
                "sha256:729177eaf0aefca0994ce4cffe96ad3c75e377c7b6f4efa59ebf003b6d398716",
                "sha256:72dffbd8b4194858d0941062a9766f8297e8868e1dd07a7b36212aaa90f49472",
                "sha256:75723c3c0fbbf34350b46a3199eb50638ab22a0228f93fb472ef4d9becc2382b",
                "sha256:77853062a2c45be16fd6b8d6de2a99278ee1d985a7bd8b103e97e41c034006d2",
                "sha256:78151aa3ec21dccd5cdef6c74c3e73386dcdfaf19bced944169697d7ac7482fc",
                "sha256:7f01846810177d829c7692f1f5ada8096762d9172af1b1a28d4ab5b77c923c1c",
                "sha256:804d99b24ad523a1fe18cc707bf741670332f7c7412e9d49cb5eab67e886b9b5",
                "sha256:81ff62668af011f9a48787564ab7eded4e9fb17a4a6a74af5ffa6a457400d2ab",
                "sha256:8359bf4791968c5a78c56103702000105501adb557f3cf772b2c207284273984",
                "sha256:83791a65b51ad6ee6cf0845634859d69a038ea9b03d7b26e703f94c7e93dbcf9",
                "sha256:8532fd6e6e2dc57bcb3bc90b079c60de896d2128c5d9d6f24a63875a95a088cf",
                "sha256:876801744b0dee379e4e3c38b76fc89f88834bb15bf92ee07d94acd06ec890a0",
                "sha256:8dbf6d1bc73f1d04ec1734bae3b4fb0ee3cb2a493d35ede9badbeb901fb40f6f",
                "sha256:8f8544b092a29a6ddd72f3556a9fcf249ec412e10ad28be6a0c0d948924f2212",
                "sha256:911dda9c487075abd54e644ccdf5e5c16773470a6a5d3826fda76699410066fb",
                "sha256:977646e05232579d2e7b9c59e21dbe5261f403a88417f6a6512e70d3f8a046be",
                "sha256:9dba73be7305b399924709b91682299794887cbbd88e38226ed9f6712eabee90",
                "sha256:a148c5d507bb9b4f2030a2025c545fccb0e1ef317393eaba42e7eabd28eb6041",
                "sha256:a6cdcc3ede532f4a4b96000b6362099591ab4a3e913d70bcbac2b56c872446f7",
                "sha256:ac05fb791acf5e1a3e39402641827780fe44d27e72567a000412c648a85ba860",
                "sha256:b0605eaed3eb239e87df0d5e3c6489daae3f7388d455d0c0b4df899519c6a38d",
                "sha256:b58b4710c7f4161b5e9dcbe73bb7c62d65670a87df7bcce9e1faaad43e715245",
                "sha256:b6356793b84728d9d50ead16ab43c187673831e9d4019013f1402c41b1db9b27",
                "sha256:b76bedd166805480ab069612119ea636f5ab8f8771e640ae103e05a4aae3e417",
                "sha256:bc7bb56d04601d443f24094e9e31ae6deec9ccb23581f75343feebaf30423359",
                "sha256:c2470da5418b76232f02a2fcd2229537bb2d5a7096674ce61859c3229f2eb202",
                "sha256:c332c8d69fb64979ebf76613c66b985414927a40f8defa16cf1bc028b7b0a7b0",
                "sha256:c6af2a6d4b7ee9615cbb162b0738f6e1fd1f5c3eda7e5da17861eacf4c717ea7",
                "sha256:c77e3d1862452565875eb31bdb45ac62502feabbd53429fdc39a1cc341d681ba",
                "sha256:ca08decd2697fdea0aea364b370b1249d47336aec935f87b8bbfd7da5b2ee9c1",
                "sha256:ca49a8119c6cbd77375ae303b0cfd8c11f011abbbd64601167ecca18a87e7cdd",
                "sha256:cb16c65dcb648d0a43a2521f2f0a2300f40639f6f8c1ecbc662141e4e3e1ee07",
                "sha256:d2997c458c690ec2bc6b0b7ecbafd02b029b7b4283078d3b32a852a7ce3ddd98",
                "sha256:d3f82c171b4ccd83bbaf35aa05e44e690113bd4f3b7b6cc54d2219b132f3ae55",
                "sha256:dc4926288b2a3e9fd7b50dc6a1909a13bbdadfc67d93f3374d984e56f885579d",
                "sha256:ead20f7913a9c1e894aebe47cccf9dc834e1618b7aa96155d2091a626e59c972",
                "sha256:ebdc36bea43063116f0486869652cb2ed7032dbc59fbcb4445c4862b5c1ecf7f",
                "sha256:ed1184ab8f113e8d660ce49a56390ca181f2981066acc27cf637d5c1e10ce46e",
                "sha256:ee825e70b1a209475622f7f7b776785bd68f34af6e7a46e2e42f27b659b5bc26",
                "sha256:f7ae5d65ccfbebdfa761585228eb4d0df3a8b15cfb53bd953e713e09fbb12957",
                "sha256:f7fc5a5acafb7d6ccca13bfa8c90f8c51f13d8fb87d95656d3950f0158d3ce53",
                "sha256:f9b5571d33660d5009a8b3c25dc1db560206e2d2f89d3df1cb32d72c0d117d52"
            ],
            "index": "pypi",
            "markers": "python_version >= '3.7'",
            "version": "==2.9.9"
        },
        "py-money": {
            "hashes": [
                "sha256:6c0f3597022a7d16fe65273c046614b7f30dd63aa0a0765ac7044092e2959014",
                "sha256:e2ba7fe399a2986913753735874063c5cb816941bba737db7ec1353a04321338"
            ],
            "index": "pypi",
            "version": "==0.5.0"
        },
        "pyjwt": {
            "hashes": [
                "sha256:57e28d156e3d5c10088e0c68abb90bfac3df82b40a71bd0daa20c65ccd5c23de",
                "sha256:59127c392cc44c2da5bb3192169a91f429924e17aff6534d70fdc02ab3e04320"
            ],
            "index": "pypi",
            "markers": "python_version >= '3.7'",
            "version": "==2.8.0"
        },
        "python-crontab": {
            "hashes": [
                "sha256:f4ea1605d24533b67fa7a634ef26cb59a5f2e7954f6e677d2d7a2229959a2fc8"
            ],
            "version": "==3.1.0"
        },
        "python-dateutil": {
            "hashes": [
                "sha256:37dd54208da7e1cd875388217d5e00ebd4179249f90fb72437e91a35459a0ad3",
                "sha256:a8b2bc7bffae282281c8140a97d3aa9c14da0b136dfe83f850eea9a5f7470427"
            ],
            "markers": "python_version >= '2.7' and python_version not in '3.0, 3.1, 3.2, 3.3'",
            "version": "==2.9.0.post0"
        },
        "python-dotenv": {
            "hashes": [
                "sha256:e324ee90a023d808f1959c46bcbc04446a10ced277783dc6ee09987c37ec10ca",
                "sha256:f7b63ef50f1b690dddf550d03497b66d609393b40b564ed0d674909a68ebf16a"
            ],
            "index": "pypi",
            "markers": "python_version >= '3.8'",
            "version": "==1.0.1"
        },
        "pytz": {
            "hashes": [
                "sha256:2a29735ea9c18baf14b448846bde5a48030ed267578472d8955cd0e7443a9812",
                "sha256:328171f4e3623139da4983451950b28e95ac706e13f3f2630a879749e7a8b319"
            ],
            "version": "==2024.1"
        },
        "pyyaml": {
            "hashes": [
                "sha256:04ac92ad1925b2cff1db0cfebffb6ffc43457495c9b3c39d3fcae417d7125dc5",
                "sha256:062582fca9fabdd2c8b54a3ef1c978d786e0f6b3a1510e0ac93ef59e0ddae2bc",
                "sha256:0d3304d8c0adc42be59c5f8a4d9e3d7379e6955ad754aa9d6ab7a398b59dd1df",
                "sha256:1635fd110e8d85d55237ab316b5b011de701ea0f29d07611174a1b42f1444741",
                "sha256:184c5108a2aca3c5b3d3bf9395d50893a7ab82a38004c8f61c258d4428e80206",
                "sha256:18aeb1bf9a78867dc38b259769503436b7c72f7a1f1f4c93ff9a17de54319b27",
                "sha256:1d4c7e777c441b20e32f52bd377e0c409713e8bb1386e1099c2415f26e479595",
                "sha256:1e2722cc9fbb45d9b87631ac70924c11d3a401b2d7f410cc0e3bbf249f2dca62",
                "sha256:1fe35611261b29bd1de0070f0b2f47cb6ff71fa6595c077e42bd0c419fa27b98",
                "sha256:28c119d996beec18c05208a8bd78cbe4007878c6dd15091efb73a30e90539696",
                "sha256:326c013efe8048858a6d312ddd31d56e468118ad4cdeda36c719bf5bb6192290",
                "sha256:40df9b996c2b73138957fe23a16a4f0ba614f4c0efce1e9406a184b6d07fa3a9",
                "sha256:42f8152b8dbc4fe7d96729ec2b99c7097d656dc1213a3229ca5383f973a5ed6d",
                "sha256:49a183be227561de579b4a36efbb21b3eab9651dd81b1858589f796549873dd6",
                "sha256:4fb147e7a67ef577a588a0e2c17b6db51dda102c71de36f8549b6816a96e1867",
                "sha256:50550eb667afee136e9a77d6dc71ae76a44df8b3e51e41b77f6de2932bfe0f47",
                "sha256:510c9deebc5c0225e8c96813043e62b680ba2f9c50a08d3724c7f28a747d1486",
                "sha256:5773183b6446b2c99bb77e77595dd486303b4faab2b086e7b17bc6bef28865f6",
                "sha256:596106435fa6ad000c2991a98fa58eeb8656ef2325d7e158344fb33864ed87e3",
                "sha256:6965a7bc3cf88e5a1c3bd2e0b5c22f8d677dc88a455344035f03399034eb3007",
                "sha256:69b023b2b4daa7548bcfbd4aa3da05b3a74b772db9e23b982788168117739938",
                "sha256:6c22bec3fbe2524cde73d7ada88f6566758a8f7227bfbf93a408a9d86bcc12a0",
                "sha256:704219a11b772aea0d8ecd7058d0082713c3562b4e271b849ad7dc4a5c90c13c",
                "sha256:7e07cbde391ba96ab58e532ff4803f79c4129397514e1413a7dc761ccd755735",
                "sha256:81e0b275a9ecc9c0c0c07b4b90ba548307583c125f54d5b6946cfee6360c733d",
                "sha256:855fb52b0dc35af121542a76b9a84f8d1cd886ea97c84703eaa6d88e37a2ad28",
                "sha256:8d4e9c88387b0f5c7d5f281e55304de64cf7f9c0021a3525bd3b1c542da3b0e4",
                "sha256:9046c58c4395dff28dd494285c82ba00b546adfc7ef001486fbf0324bc174fba",
                "sha256:9eb6caa9a297fc2c2fb8862bc5370d0303ddba53ba97e71f08023b6cd73d16a8",
                "sha256:a08c6f0fe150303c1c6b71ebcd7213c2858041a7e01975da3a99aed1e7a378ef",
                "sha256:a0cd17c15d3bb3fa06978b4e8958dcdc6e0174ccea823003a106c7d4d7899ac5",
                "sha256:afd7e57eddb1a54f0f1a974bc4391af8bcce0b444685d936840f125cf046d5bd",
                "sha256:b1275ad35a5d18c62a7220633c913e1b42d44b46ee12554e5fd39c70a243d6a3",
                "sha256:b786eecbdf8499b9ca1d697215862083bd6d2a99965554781d0d8d1ad31e13a0",
                "sha256:ba336e390cd8e4d1739f42dfe9bb83a3cc2e80f567d8805e11b46f4a943f5515",
                "sha256:baa90d3f661d43131ca170712d903e6295d1f7a0f595074f151c0aed377c9b9c",
                "sha256:bc1bf2925a1ecd43da378f4db9e4f799775d6367bdb94671027b73b393a7c42c",
                "sha256:bd4af7373a854424dabd882decdc5579653d7868b8fb26dc7d0e99f823aa5924",
                "sha256:bf07ee2fef7014951eeb99f56f39c9bb4af143d8aa3c21b1677805985307da34",
                "sha256:bfdf460b1736c775f2ba9f6a92bca30bc2095067b8a9d77876d1fad6cc3b4a43",
                "sha256:c8098ddcc2a85b61647b2590f825f3db38891662cfc2fc776415143f599bb859",
                "sha256:d2b04aac4d386b172d5b9692e2d2da8de7bfb6c387fa4f801fbf6fb2e6ba4673",
                "sha256:d483d2cdf104e7c9fa60c544d92981f12ad66a457afae824d146093b8c294c54",
                "sha256:d858aa552c999bc8a8d57426ed01e40bef403cd8ccdd0fc5f6f04a00414cac2a",
                "sha256:e7d73685e87afe9f3b36c799222440d6cf362062f78be1013661b00c5c6f678b",
                "sha256:f003ed9ad21d6a4713f0a9b5a7a0a79e08dd0f221aff4525a2be4c346ee60aab",
                "sha256:f22ac1c3cac4dbc50079e965eba2c1058622631e526bd9afd45fedd49ba781fa",
                "sha256:faca3bdcf85b2fc05d06ff3fbc1f83e1391b3e724afa3feba7d13eeab355484c",
                "sha256:fca0e3a251908a499833aa292323f32437106001d436eca0e6e7833256674585",
                "sha256:fd1592b3fdf65fff2ad0004b5e363300ef59ced41c2e6b3a99d4089fa8c5435d",
                "sha256:fd66fc5d0da6d9815ba2cebeb4205f95818ff4b79c3ebe268e75d961704af52f"
            ],
            "markers": "python_version >= '3.6'",
            "version": "==6.0.1"
        },
        "redis": {
            "hashes": [
                "sha256:7adc2835c7a9b5033b7ad8f8918d09b7344188228809c98df07af226d39dec91",
                "sha256:ec31f2ed9675cc54c21ba854cfe0462e6faf1d83c8ce5944709db8a4700b9c61"
            ],
            "index": "pypi",
            "markers": "python_version >= '3.7'",
            "version": "==5.0.4"
        },
        "requests": {
            "hashes": [
                "sha256:55365417734eb18255590a9ff9eb97e9e1da868d4ccd6402399eaf68af20a760",
                "sha256:70761cfe03c773ceb22aa2f671b4757976145175cdfca038c02654d061d6dcc6"
            ],
            "markers": "python_version >= '3.0'",
            "version": "==2.32.3"
        },
        "six": {
            "hashes": [
                "sha256:1e61c37477a1626458e36f7b1d82aa5c9b094fa4802892072e49de9c60c4c926",
                "sha256:8abb2f1d86890a2dfb989f9a77cfcfd3e47c2a354b01111771326f8aa26e0254"
            ],
            "markers": "python_version >= '2.7' and python_version not in '3.0, 3.1, 3.2, 3.3'",
            "version": "==1.16.0"
        },
        "sqlparse": {
            "hashes": [
                "sha256:714d0a4932c059d16189f58ef5411ec2287a4360f17cdd0edd2d09d4c5087c93",
                "sha256:c204494cd97479d0e39f28c93d46c0b2d5959c7b9ab904762ea6c7af211c8663"
            ],
            "markers": "python_version >= '3.8'",
            "version": "==0.5.0"
        },
        "stripe": {
            "hashes": [
                "sha256:3cf4bab592afecaaff69c12ecb99c8376a00bc22e26ea7130a0596e209bf3e88",
                "sha256:c42d8f6b4463a54f3a025581810f4e632e2d5a71de6100fc595d75581f69a492"
            ],
            "index": "pypi",
            "markers": "python_version >= '3.6'",
            "version": "==9.9.0"
        },
        "tqdm": {
            "hashes": [
                "sha256:b75ca56b413b030bc3f00af51fd2c1a1a5eac6a0c1cca83cbb37a5c52abce644",
                "sha256:e4d936c9de8727928f3be6079590e97d9abfe8d39a590be678eb5919ffc186bb"
            ],
            "index": "pypi",
            "markers": "python_version >= '3.7'",
            "version": "==4.66.4"
        },
        "typing-extensions": {
            "hashes": [
                "sha256:8cbcdc8606ebcb0d95453ad7dc5065e6237b6aa230a31e81d0f440c30fed5fd8",
                "sha256:b349c66bea9016ac22978d800cfff206d5f9816951f12a7d0ec5578b0a819594"
            ],
            "markers": "python_version >= '3.8'",
            "version": "==4.12.0"
        },
        "tzdata": {
            "hashes": [
                "sha256:2674120f8d891909751c38abcdfd386ac0a5a1127954fbc332af6b5ceae07efd",
                "sha256:9068bc196136463f5245e51efda838afa15aaeca9903f49050dfa2679db4d252"
            ],
            "markers": "python_version >= '2'",
            "version": "==2024.1"
        },
        "uritemplate": {
            "hashes": [
                "sha256:4346edfc5c3b79f694bccd6d6099a322bbeb628dbf2cd86eea55a456ce5124f0",
                "sha256:830c08b8d99bdd312ea4ead05994a38e8936266f84b9a7878232db50b044e02e"
            ],
            "markers": "python_version >= '3.6'",
            "version": "==4.1.1"
        },
        "urllib3": {
            "hashes": [
                "sha256:450b20ec296a467077128bff42b73080516e71b56ff59a60a02bef2232c4fa9d",
                "sha256:d0570876c61ab9e520d776c38acbbb5b05a776d3f9ff98a5c8fd5162a444cf19"
            ],
            "markers": "python_version >= '3.8'",
            "version": "==2.2.1"
        },
        "vine": {
            "hashes": [
                "sha256:40fdf3c48b2cfe1c38a49e9ae2da6fda88e4794c810050a728bd7413811fb1dc",
                "sha256:8b62e981d35c41049211cf62a0a1242d8c1ee9bd15bb196ce38aefd6799e61e0"
            ],
            "markers": "python_version >= '3.6'",
            "version": "==5.1.0"
        },
        "wcwidth": {
            "hashes": [
                "sha256:3da69048e4540d84af32131829ff948f1e022c1c6bdb8d6102117aac784f6859",
                "sha256:72ea0c06399eb286d978fdedb6923a9eb47e1c486ce63e9b4e64fc18303972b5"
            ],
            "version": "==0.2.13"
        },
        "whitenoise": {
            "hashes": [
                "sha256:8998f7370973447fac1e8ef6e8ded2c5209a7b1f67c1012866dbcd09681c3251",
                "sha256:b1f9db9bf67dc183484d760b99f4080185633136a273a03f6436034a41064146"
            ],
            "index": "pypi",
            "markers": "python_version >= '3.8'",
            "version": "==6.6.0"
        }
    },
    "develop": {
        "coverage": {
            "hashes": [
                "sha256:015eddc5ccd5364dcb902eaecf9515636806fa1e0d5bef5769d06d0f31b54523",
                "sha256:04aefca5190d1dc7a53a4c1a5a7f8568811306d7a8ee231c42fb69215571944f",
                "sha256:05ac5f60faa0c704c0f7e6a5cbfd6f02101ed05e0aee4d2822637a9e672c998d",
                "sha256:0bbddc54bbacfc09b3edaec644d4ac90c08ee8ed4844b0f86227dcda2d428fcb",
                "sha256:1d2a830ade66d3563bb61d1e3c77c8def97b30ed91e166c67d0632c018f380f0",
                "sha256:239a4e75e09c2b12ea478d28815acf83334d32e722e7433471fbf641c606344c",
                "sha256:244f509f126dc71369393ce5fea17c0592c40ee44e607b6d855e9c4ac57aac98",
                "sha256:25a5caf742c6195e08002d3b6c2dd6947e50efc5fc2c2205f61ecb47592d2d83",
                "sha256:296a7d9bbc598e8744c00f7a6cecf1da9b30ae9ad51c566291ff1314e6cbbed8",
                "sha256:2e079c9ec772fedbade9d7ebc36202a1d9ef7291bc9b3a024ca395c4d52853d7",
                "sha256:33ca90a0eb29225f195e30684ba4a6db05dbef03c2ccd50b9077714c48153cac",
                "sha256:33fc65740267222fc02975c061eb7167185fef4cc8f2770267ee8bf7d6a42f84",
                "sha256:341dd8f61c26337c37988345ca5c8ccabeff33093a26953a1ac72e7d0103c4fb",
                "sha256:34d6d21d8795a97b14d503dcaf74226ae51eb1f2bd41015d3ef332a24d0a17b3",
                "sha256:3538d8fb1ee9bdd2e2692b3b18c22bb1c19ffbefd06880f5ac496e42d7bb3884",
                "sha256:38a3b98dae8a7c9057bd91fbf3415c05e700a5114c5f1b5b0ea5f8f429ba6614",
                "sha256:3d5a67f0da401e105753d474369ab034c7bae51a4c31c77d94030d59e41df5bd",
                "sha256:50084d3516aa263791198913a17354bd1dc627d3c1639209640b9cac3fef5807",
                "sha256:55f689f846661e3f26efa535071775d0483388a1ccfab899df72924805e9e7cd",
                "sha256:5bc5a8c87714b0c67cfeb4c7caa82b2d71e8864d1a46aa990b5588fa953673b8",
                "sha256:62bda40da1e68898186f274f832ef3e759ce929da9a9fd9fcf265956de269dbc",
                "sha256:705f3d7c2b098c40f5b81790a5fedb274113373d4d1a69e65f8b68b0cc26f6db",
                "sha256:75e3f4e86804023e991096b29e147e635f5e2568f77883a1e6eed74512659ab0",
                "sha256:7b2a19e13dfb5c8e145c7a6ea959485ee8e2204699903c88c7d25283584bfc08",
                "sha256:7cec2af81f9e7569280822be68bd57e51b86d42e59ea30d10ebdbb22d2cb7232",
                "sha256:8383a6c8cefba1b7cecc0149415046b6fc38836295bc4c84e820872eb5478b3d",
                "sha256:8c836309931839cca658a78a888dab9676b5c988d0dd34ca247f5f3e679f4e7a",
                "sha256:8e317953bb4c074c06c798a11dbdd2cf9979dbcaa8ccc0fa4701d80042d4ebf1",
                "sha256:923b7b1c717bd0f0f92d862d1ff51d9b2b55dbbd133e05680204465f454bb286",
                "sha256:990fb20b32990b2ce2c5f974c3e738c9358b2735bc05075d50a6f36721b8f303",
                "sha256:9aad68c3f2566dfae84bf46295a79e79d904e1c21ccfc66de88cd446f8686341",
                "sha256:a5812840d1d00eafae6585aba38021f90a705a25b8216ec7f66aebe5b619fb84",
                "sha256:a6519d917abb15e12380406d721e37613e2a67d166f9fb7e5a8ce0375744cd45",
                "sha256:ab0b028165eea880af12f66086694768f2c3139b2c31ad5e032c8edbafca6ffc",
                "sha256:aea7da970f1feccf48be7335f8b2ca64baf9b589d79e05b9397a06696ce1a1ec",
                "sha256:b1196e13c45e327d6cd0b6e471530a1882f1017eb83c6229fc613cd1a11b53cd",
                "sha256:b368e1aee1b9b75757942d44d7598dcd22a9dbb126affcbba82d15917f0cc155",
                "sha256:bde997cac85fcac227b27d4fb2c7608a2c5f6558469b0eb704c5726ae49e1c52",
                "sha256:c4c2872b3c91f9baa836147ca33650dc5c172e9273c808c3c3199c75490e709d",
                "sha256:c59d2ad092dc0551d9f79d9d44d005c945ba95832a6798f98f9216ede3d5f485",
                "sha256:d1da0a2e3b37b745a2b2a678a4c796462cf753aebf94edcc87dcc6b8641eae31",
                "sha256:d8b7339180d00de83e930358223c617cc343dd08e1aa5ec7b06c3a121aec4e1d",
                "sha256:dd4b3355b01273a56b20c219e74e7549e14370b31a4ffe42706a8cda91f19f6d",
                "sha256:e08c470c2eb01977d221fd87495b44867a56d4d594f43739a8028f8646a51e0d",
                "sha256:f5102a92855d518b0996eb197772f5ac2a527c0ec617124ad5242a3af5e25f85",
                "sha256:f542287b1489c7a860d43a7d8883e27ca62ab84ca53c965d11dac1d3a1fab7ce",
                "sha256:f78300789a708ac1f17e134593f577407d52d0417305435b134805c4fb135adb",
                "sha256:f81bc26d609bf0fbc622c7122ba6307993c83c795d2d6f6f6fd8c000a770d974",
                "sha256:f836c174c3a7f639bded48ec913f348c4761cbf49de4a20a956d3431a7c9cb24",
                "sha256:fa21a04112c59ad54f69d80e376f7f9d0f5f9123ab87ecd18fbb9ec3a2beed56",
                "sha256:fcf7d1d6f5da887ca04302db8e0e0cf56ce9a5e05f202720e49b3e8157ddb9a9",
                "sha256:fd27d8b49e574e50caa65196d908f80e4dff64d7e592d0c59788b45aad7e8b35"
            ],
            "index": "pypi",
            "markers": "python_version >= '3.8'",
            "version": "==7.5.3"
        }
    }
}
